<Solution>
  <Folder Name="/Api/">
    <Project Path="AgoraOverflow.Api/AgoraOverflow.Api.csproj" />
  </Folder>
  <Project Path="AgoraOverflow.AppHost/AgoraOverflow.AppHost.csproj" Id="18e9b84c-ad66-42ca-88f0-c9d332f1d488" />
  <Project Path="AgoraOverflow.ServiceDefaults/AgoraOverflow.ServiceDefaults.csproj" />
</Solution>
